
Microsoft Visual Studio Solution File, Format Version 12.00
# Visual Studio 14
VisualStudioVersion = 14.0.23107.0
MinimumVisualStudioVersion = 10.0.40219.1
Project("{FAE04EC0-301F-11D3-BF4B-00C04F79EFBC}") = "Locadora.Dominio", "Locadora.Dominio\Locadora.Dominio.csproj", "{93D95D00-78C7-4B77-BE44-686AB7A29C7C}"
EndProject
Project("{2150E333-8FDC-42A3-9474-1A3956D46DE8}") = "1 - UI", "1 - UI", "{8417346F-31C6-4FC1-BB6A-16DD44DC3C63}"
EndProject
Project("{2150E333-8FDC-42A3-9474-1A3956D46DE8}") = "2 - Dominio", "2 - Dominio", "{D8961BAA-30BB-4F13-88CC-56954725149C}"
EndProject
Project("{FAE04EC0-301F-11D3-BF4B-00C04F79EFBC}") = "Locadora.Dominio.Test", "Locadora.Dominio.Test\Locadora.Dominio.Test.csproj", "{95485B57-0600-4BEF-B066-8FC990E17188}"
EndProject
Project("{FAE04EC0-301F-11D3-BF4B-00C04F79EFBC}") = "Locadora.Web.MVC", "Locadora.Web.MVC\Locadora.Web.MVC.csproj", "{22A0EF1D-2C02-421D-B368-4C3F49C351F3}"
EndProject
Project("{2150E333-8FDC-42A3-9474-1A3956D46DE8}") = "3 - Infraestrutura", "3 - Infraestrutura", "{B8852BF0-3657-4217-B96D-39339EDC6B84}"
EndProject
Project("{2150E333-8FDC-42A3-9474-1A3956D46DE8}") = "Repositorios", "Repositorios", "{4C4BE62A-458D-4CF0-91DD-92DBB516982C}"
EndProject
Project("{2150E333-8FDC-42A3-9474-1A3956D46DE8}") = "Helpers", "Helpers", "{904D46BA-4984-4269-B153-D79D0AEFC0DD}"
EndProject
Project("{FAE04EC0-301F-11D3-BF4B-00C04F79EFBC}") = "Locadora.Helpers", "Locadora.Helpers\Locadora.Helpers.csproj", "{98CFBFA0-6792-41AA-9F4C-F69FFD0C3C5C}"
EndProject
Project("{FAE04EC0-301F-11D3-BF4B-00C04F79EFBC}") = "EF.DbFirst", "EF.DbFirst\EF.DbFirst.csproj", "{3E3DB2E8-93DC-4358-A059-2B11CF66405A}"
EndProject
Project("{FAE04EC0-301F-11D3-BF4B-00C04F79EFBC}") = "EF", "EF\EF.csproj", "{086649F2-1B9E-4110-8ABC-933AEED6F772}"
EndProject
Project("{2150E333-8FDC-42A3-9474-1A3956D46DE8}") = "Servicos", "Servicos", "{60BCBA6C-6716-4D5F-A2C5-4ED717B97D28}"
EndProject
Project("{FAE04EC0-301F-11D3-BF4B-00C04F79EFBC}") = "Locadora.Infraestrutura.Servicos", "Locadora.Infraestrutura.Servicos\Locadora.Infraestrutura.Servicos.csproj", "{B798925E-C667-4CBB-B50F-DA5A863557C6}"
EndProject
Global
	GlobalSection(SolutionConfigurationPlatforms) = preSolution
		Debug|Any CPU = Debug|Any CPU
		Release|Any CPU = Release|Any CPU
	EndGlobalSection
	GlobalSection(ProjectConfigurationPlatforms) = postSolution
		{93D95D00-78C7-4B77-BE44-686AB7A29C7C}.Debug|Any CPU.ActiveCfg = Debug|Any CPU
		{93D95D00-78C7-4B77-BE44-686AB7A29C7C}.Debug|Any CPU.Build.0 = Debug|Any CPU
		{93D95D00-78C7-4B77-BE44-686AB7A29C7C}.Release|Any CPU.ActiveCfg = Release|Any CPU
		{93D95D00-78C7-4B77-BE44-686AB7A29C7C}.Release|Any CPU.Build.0 = Release|Any CPU
		{95485B57-0600-4BEF-B066-8FC990E17188}.Debug|Any CPU.ActiveCfg = Debug|Any CPU
		{95485B57-0600-4BEF-B066-8FC990E17188}.Debug|Any CPU.Build.0 = Debug|Any CPU
		{95485B57-0600-4BEF-B066-8FC990E17188}.Release|Any CPU.ActiveCfg = Release|Any CPU
		{95485B57-0600-4BEF-B066-8FC990E17188}.Release|Any CPU.Build.0 = Release|Any CPU
		{22A0EF1D-2C02-421D-B368-4C3F49C351F3}.Debug|Any CPU.ActiveCfg = Debug|Any CPU
		{22A0EF1D-2C02-421D-B368-4C3F49C351F3}.Debug|Any CPU.Build.0 = Debug|Any CPU
		{22A0EF1D-2C02-421D-B368-4C3F49C351F3}.Release|Any CPU.ActiveCfg = Release|Any CPU
		{22A0EF1D-2C02-421D-B368-4C3F49C351F3}.Release|Any CPU.Build.0 = Release|Any CPU
		{98CFBFA0-6792-41AA-9F4C-F69FFD0C3C5C}.Debug|Any CPU.ActiveCfg = Debug|Any CPU
		{98CFBFA0-6792-41AA-9F4C-F69FFD0C3C5C}.Debug|Any CPU.Build.0 = Debug|Any CPU
		{98CFBFA0-6792-41AA-9F4C-F69FFD0C3C5C}.Release|Any CPU.ActiveCfg = Release|Any CPU
		{98CFBFA0-6792-41AA-9F4C-F69FFD0C3C5C}.Release|Any CPU.Build.0 = Release|Any CPU
		{3E3DB2E8-93DC-4358-A059-2B11CF66405A}.Debug|Any CPU.ActiveCfg = Debug|Any CPU
		{3E3DB2E8-93DC-4358-A059-2B11CF66405A}.Debug|Any CPU.Build.0 = Debug|Any CPU
		{3E3DB2E8-93DC-4358-A059-2B11CF66405A}.Release|Any CPU.ActiveCfg = Release|Any CPU
		{3E3DB2E8-93DC-4358-A059-2B11CF66405A}.Release|Any CPU.Build.0 = Release|Any CPU
		{086649F2-1B9E-4110-8ABC-933AEED6F772}.Debug|Any CPU.ActiveCfg = Debug|Any CPU
		{086649F2-1B9E-4110-8ABC-933AEED6F772}.Debug|Any CPU.Build.0 = Debug|Any CPU
		{086649F2-1B9E-4110-8ABC-933AEED6F772}.Release|Any CPU.ActiveCfg = Release|Any CPU
		{086649F2-1B9E-4110-8ABC-933AEED6F772}.Release|Any CPU.Build.0 = Release|Any CPU
		{B798925E-C667-4CBB-B50F-DA5A863557C6}.Debug|Any CPU.ActiveCfg = Debug|Any CPU
		{B798925E-C667-4CBB-B50F-DA5A863557C6}.Debug|Any CPU.Build.0 = Debug|Any CPU
		{B798925E-C667-4CBB-B50F-DA5A863557C6}.Release|Any CPU.ActiveCfg = Release|Any CPU
		{B798925E-C667-4CBB-B50F-DA5A863557C6}.Release|Any CPU.Build.0 = Release|Any CPU
	EndGlobalSection
	GlobalSection(SolutionProperties) = preSolution
		HideSolutionNode = FALSE
	EndGlobalSection
	GlobalSection(NestedProjects) = preSolution
		{93D95D00-78C7-4B77-BE44-686AB7A29C7C} = {D8961BAA-30BB-4F13-88CC-56954725149C}
		{95485B57-0600-4BEF-B066-8FC990E17188} = {D8961BAA-30BB-4F13-88CC-56954725149C}
		{22A0EF1D-2C02-421D-B368-4C3F49C351F3} = {8417346F-31C6-4FC1-BB6A-16DD44DC3C63}
		{4C4BE62A-458D-4CF0-91DD-92DBB516982C} = {B8852BF0-3657-4217-B96D-39339EDC6B84}
		{904D46BA-4984-4269-B153-D79D0AEFC0DD} = {B8852BF0-3657-4217-B96D-39339EDC6B84}
		{98CFBFA0-6792-41AA-9F4C-F69FFD0C3C5C} = {904D46BA-4984-4269-B153-D79D0AEFC0DD}
		{3E3DB2E8-93DC-4358-A059-2B11CF66405A} = {4C4BE62A-458D-4CF0-91DD-92DBB516982C}
		{086649F2-1B9E-4110-8ABC-933AEED6F772} = {4C4BE62A-458D-4CF0-91DD-92DBB516982C}
		{60BCBA6C-6716-4D5F-A2C5-4ED717B97D28} = {B8852BF0-3657-4217-B96D-39339EDC6B84}
		{B798925E-C667-4CBB-B50F-DA5A863557C6} = {60BCBA6C-6716-4D5F-A2C5-4ED717B97D28}
	EndGlobalSection
EndGlobal
